// !$*UTF8*$!
{
	archiveVersion = 1;
	classes = {
	};
	objectVersion = 56;
	objects = {

/* Begin PBXBuildFile section */
		35343A192B8BDE1A005DBAC3 /* AppDelegate.swift in Sources */ = {isa = PBXBuildFile; fileRef = 35343A182B8BDE1A005DBAC3 /* AppDelegate.swift */; };
		35343A1B2B8BDE1A005DBAC3 /* SceneDelegate.swift in Sources */ = {isa = PBXBuildFile; fileRef = 35343A1A2B8BDE1A005DBAC3 /* SceneDelegate.swift */; };
		35343A1D2B8BDE1A005DBAC3 /* ViewController.swift in Sources */ = {isa = PBXBuildFile; fileRef = 35343A1C2B8BDE1A005DBAC3 /* ViewController.swift */; };
		35343A202B8BDE1A005DBAC3 /* Main.storyboard in Resources */ = {isa = PBXBuildFile; fileRef = 35343A1E2B8BDE1A005DBAC3 /* Main.storyboard */; };
		35343A222B8BDE1B005DBAC3 /* Assets.xcassets in Resources */ = {isa = PBXBuildFile; fileRef = 35343A212B8BDE1B005DBAC3 /* Assets.xcassets */; };
		35343A252B8BDE1B005DBAC3 /* LaunchScreen.storyboard in Resources */ = {isa = PBXBuildFile; fileRef = 35343A232B8BDE1B005DBAC3 /* LaunchScreen.storyboard */; };
		35343A302B8BDE1B005DBAC3 /* HW5_1Tests.swift in Sources */ = {isa = PBXBuildFile; fileRef = 35343A2F2B8BDE1B005DBAC3 /* HW5_1Tests.swift */; };
		35343A3A2B8BDE1B005DBAC3 /* HW5_1UITests.swift in Sources */ = {isa = PBXBuildFile; fileRef = 35343A392B8BDE1B005DBAC3 /* HW5_1UITests.swift */; };
		35343A3C2B8BDE1B005DBAC3 /* HW5_1UITestsLaunchTests.swift in Sources */ = {isa = PBXBuildFile; fileRef = 35343A3B2B8BDE1B005DBAC3 /* HW5_1UITestsLaunchTests.swift */; };
/* End PBXBuildFile section */

/* Begin PBXContainerItemProxy section */
		35343A2C2B8BDE1B005DBAC3 /* PBXContainerItemProxy */ = {
			isa = PBXContainerItemProxy;
			containerPortal = 35343A0D2B8BDE1A005DBAC3 /* Project object */;
			proxyType = 1;
			remoteGlobalIDString = 35343A142B8BDE1A005DBAC3;
			remoteInfo = HW5.1;
		};
		35343A362B8BDE1B005DBAC3 /* PBXContainerItemProxy */ = {
			isa = PBXContainerItemProxy;
			containerPortal = 35343A0D2B8BDE1A005DBAC3 /* Project object */;
			proxyType = 1;
			remoteGlobalIDString = 35343A142B8BDE1A005DBAC3;
			remoteInfo = HW5.1;
		};
/* End PBXContainerItemProxy section */

/* Begin PBXFileReference section */
		35343A152B8BDE1A005DBAC3 /* HW5.1.app */ = {isa = PBXFileReference; explicitFileType = wrapper.application; includeInIndex = 0; path = HW5.1.app; sourceTree = BUILT_PRODUCTS_DIR; };
		35343A182B8BDE1A005DBAC3 /* AppDelegate.swift */ = {isa = PBXFileReference; lastKnownFileType = sourcecode.swift; path = AppDelegate.swift; sourceTree = "<group>"; };
		35343A1A2B8BDE1A005DBAC3 /* SceneDelegate.swift */ = {isa = PBXFileReference; lastKnownFileType = sourcecode.swift; path = SceneDelegate.swift; sourceTree = "<group>"; };
		35343A1C2B8BDE1A005DBAC3 /* ViewController.swift */ = {isa = PBXFileReference; lastKnownFileType = sourcecode.swift; path = ViewController.swift; sourceTree = "<group>"; };
		35343A1F2B8BDE1A005DBAC3 /* Base */ = {isa = PBXFileReference; lastKnownFileType = file.storyboard; name = Base; path = Base.lproj/Main.storyboard; sourceTree = "<group>"; };
		35343A212B8BDE1B005DBAC3 /* Assets.xcassets */ = {isa = PBXFileReference; lastKnownFileType = folder.assetcatalog; path = Assets.xcassets; sourceTree = "<group>"; };
		35343A242B8BDE1B005DBAC3 /* Base */ = {isa = PBXFileReference; lastKnownFileType = file.storyboard; name = Base; path = Base.lproj/LaunchScreen.storyboard; sourceTree = "<group>"; };
		35343A262B8BDE1B005DBAC3 /* Info.plist */ = {isa = PBXFileReference; lastKnownFileType = text.plist.xml; path = Info.plist; sourceTree = "<group>"; };
		35343A2B2B8BDE1B005DBAC3 /* HW5.1Tests.xctest */ = {isa = PBXFileReference; explicitFileType = wrapper.cfbundle; includeInIndex = 0; path = HW5.1Tests.xctest; sourceTree = BUILT_PRODUCTS_DIR; };
		35343A2F2B8BDE1B005DBAC3 /* HW5_1Tests.swift */ = {isa = PBXFileReference; lastKnownFileType = sourcecode.swift; path = HW5_1Tests.swift; sourceTree = "<group>"; };
		35343A352B8BDE1B005DBAC3 /* HW5.1UITests.xctest */ = {isa = PBXFileReference; explicitFileType = wrapper.cfbundle; includeInIndex = 0; path = HW5.1UITests.xctest; sourceTree = BUILT_PRODUCTS_DIR; };
		35343A392B8BDE1B005DBAC3 /* HW5_1UITests.swift */ = {isa = PBXFileReference; lastKnownFileType = sourcecode.swift; path = HW5_1UITests.swift; sourceTree = "<group>"; };
		35343A3B2B8BDE1B005DBAC3 /* HW5_1UITestsLaunchTests.swift */ = {isa = PBXFileReference; lastKnownFileType = sourcecode.swift; path = HW5_1UITestsLaunchTests.swift; sourceTree = "<group>"; };
/* End PBXFileReference section */

/* Begin PBXFrameworksBuildPhase section */
		35343A122B8BDE1A005DBAC3 /* Frameworks */ = {
			isa = PBXFrameworksBuildPhase;
			buildActionMask = 2147483647;
			files = (
			);
			runOnlyForDeploymentPostprocessing = 0;
		};
		35343A282B8BDE1B005DBAC3 /* Frameworks */ = {
			isa = PBXFrameworksBuildPhase;
			buildActionMask = 2147483647;
			files = (
			);
			runOnlyForDeploymentPostprocessing = 0;
		};
		35343A322B8BDE1B005DBAC3 /* Frameworks */ = {
			isa = PBXFrameworksBuildPhase;
			buildActionMask = 2147483647;
			files = (
			);
			runOnlyForDeploymentPostprocessing = 0;
		};
/* End PBXFrameworksBuildPhase section */

/* Begin PBXGroup section */
		35343A0C2B8BDE1A005DBAC3 = {
			isa = PBXGroup;
			children = (
				35343A172B8BDE1A005DBAC3 /* HW5.1 */,
				35343A2E2B8BDE1B005DBAC3 /* HW5.1Tests */,
				35343A382B8BDE1B005DBAC3 /* HW5.1UITests */,
				35343A162B8BDE1A005DBAC3 /* Products */,
			);
			sourceTree = "<group>";
		};
		35343A162B8BDE1A005DBAC3 /* Products */ = {
			isa = PBXGroup;
			children = (
				35343A152B8BDE1A005DBAC3 /* HW5.1.app */,
				35343A2B2B8BDE1B005DBAC3 /* HW5.1Tests.xctest */,
				35343A352B8BDE1B005DBAC3 /* HW5.1UITests.xctest */,
			);
			name = Products;
			sourceTree = "<group>";
		};
		35343A172B8BDE1A005DBAC3 /* HW5.1 */ = {
			isa = PBXGroup;
			children = (
				35343A182B8BDE1A005DBAC3 /* AppDelegate.swift */,
				35343A1A2B8BDE1A005DBAC3 /* SceneDelegate.swift */,
				35343A1C2B8BDE1A005DBAC3 /* ViewController.swift */,
				35343A1E2B8BDE1A005DBAC3 /* Main.storyboard */,
				35343A212B8BDE1B005DBAC3 /* Assets.xcassets */,
				35343A232B8BDE1B005DBAC3 /* LaunchScreen.storyboard */,
				35343A262B8BDE1B005DBAC3 /* Info.plist */,
			);
			path = HW5.1;
			sourceTree = "<group>";
		};
		35343A2E2B8BDE1B005DBAC3 /* HW5.1Tests */ = {
			isa = PBXGroup;
			children = (
				35343A2F2B8BDE1B005DBAC3 /* HW5_1Tests.swift */,
			);
			path = HW5.1Tests;
			sourceTree = "<group>";
		};
		35343A382B8BDE1B005DBAC3 /* HW5.1UITests */ = {
			isa = PBXGroup;
			children = (
				35343A392B8BDE1B005DBAC3 /* HW5_1UITests.swift */,
				35343A3B2B8BDE1B005DBAC3 /* HW5_1UITestsLaunchTests.swift */,
			);
			path = HW5.1UITests;
			sourceTree = "<group>";
		};
/* End PBXGroup section */

/* Begin PBXNativeTarget section */
		35343A142B8BDE1A005DBAC3 /* HW5.1 */ = {
			isa = PBXNativeTarget;
			buildConfigurationList = 35343A3F2B8BDE1B005DBAC3 /* Build configuration list for PBXNativeTarget "HW5.1" */;
			buildPhases = (
				35343A112B8BDE1A005DBAC3 /* Sources */,
				35343A122B8BDE1A005DBAC3 /* Frameworks */,
				35343A132B8BDE1A005DBAC3 /* Resources */,
			);
			buildRules = (
			);
			dependencies = (
			);
			name = HW5.1;
			productName = HW5.1;
			productReference = 35343A152B8BDE1A005DBAC3 /* HW5.1.app */;
			productType = "com.apple.product-type.application";
		};
		35343A2A2B8BDE1B005DBAC3 /* HW5.1Tests */ = {
			isa = PBXNativeTarget;
			buildConfigurationList = 35343A422B8BDE1B005DBAC3 /* Build configuration list for PBXNativeTarget "HW5.1Tests" */;
			buildPhases = (
				35343A272B8BDE1B005DBAC3 /* Sources */,
				35343A282B8BDE1B005DBAC3 /* Frameworks */,
				35343A292B8BDE1B005DBAC3 /* Resources */,
			);
			buildRules = (
			);
			dependencies = (
				35343A2D2B8BDE1B005DBAC3 /* PBXTargetDependency */,
			);
			name = HW5.1Tests;
			productName = HW5.1Tests;
			productReference = 35343A2B2B8BDE1B005DBAC3 /* HW5.1Tests.xctest */;
			productType = "com.apple.product-type.bundle.unit-test";
		};
		35343A342B8BDE1B005DBAC3 /* HW5.1UITests */ = {
			isa = PBXNativeTarget;
			buildConfigurationList = 35343A452B8BDE1B005DBAC3 /* Build configuration list for PBXNativeTarget "HW5.1UITests" */;
			buildPhases = (
				35343A312B8BDE1B005DBAC3 /* Sources */,
				35343A322B8BDE1B005DBAC3 /* Frameworks */,
				35343A332B8BDE1B005DBAC3 /* Resources */,
			);
			buildRules = (
			);
			dependencies = (
				35343A372B8BDE1B005DBAC3 /* PBXTargetDependency */,
			);
			name = HW5.1UITests;
			productName = HW5.1UITests;
			productReference = 35343A352B8BDE1B005DBAC3 /* HW5.1UITests.xctest */;
			productType = "com.apple.product-type.bundle.ui-testing";
		};
/* End PBXNativeTarget section */

/* Begin PBXProject section */
		35343A0D2B8BDE1A005DBAC3 /* Project object */ = {
			isa = PBXProject;
			attributes = {
				BuildIndependentTargetsInParallel = 1;
				LastSwiftUpdateCheck = 1520;
				LastUpgradeCheck = 1520;
				TargetAttributes = {
					35343A142B8BDE1A005DBAC3 = {
						CreatedOnToolsVersion = 15.2;
					};
					35343A2A2B8BDE1B005DBAC3 = {
						CreatedOnToolsVersion = 15.2;
						TestTargetID = 35343A142B8BDE1A005DBAC3;
					};
					35343A342B8BDE1B005DBAC3 = {
						CreatedOnToolsVersion = 15.2;
						TestTargetID = 35343A142B8BDE1A005DBAC3;
					};
				};
			};
			buildConfigurationList = 35343A102B8BDE1A005DBAC3 /* Build configuration list for PBXProject "HW5.1" */;
			compatibilityVersion = "Xcode 14.0";
			developmentRegion = en;
			hasScannedForEncodings = 0;
			knownRegions = (
				en,
				Base,
			);
			mainGroup = 35343A0C2B8BDE1A005DBAC3;
			productRefGroup = 35343A162B8BDE1A005DBAC3 /* Products */;
			projectDirPath = "";
			projectRoot = "";
			targets = (
				35343A142B8BDE1A005DBAC3 /* HW5.1 */,
				35343A2A2B8BDE1B005DBAC3 /* HW5.1Tests */,
				35343A342B8BDE1B005DBAC3 /* HW5.1UITests */,
			);
		};
/* End PBXProject section */

/* Begin PBXResourcesBuildPhase section */
		35343A132B8BDE1A005DBAC3 /* Resources */ = {
			isa = PBXResourcesBuildPhase;
			buildActionMask = 2147483647;
			files = (
				35343A252B8BDE1B005DBAC3 /* LaunchScreen.storyboard in Resources */,
				35343A222B8BDE1B005DBAC3 /* Assets.xcassets in Resources */,
				35343A202B8BDE1A005DBAC3 /* Main.storyboard in Resources */,
			);
			runOnlyForDeploymentPostprocessing = 0;
		};
		35343A292B8BDE1B005DBAC3 /* Resources */ = {
			isa = PBXResourcesBuildPhase;
			buildActionMask = 2147483647;
			files = (
			);
			runOnlyForDeploymentPostprocessing = 0;
		};
		35343A332B8BDE1B005DBAC3 /* Resources */ = {
			isa = PBXResourcesBuildPhase;
			buildActionMask = 2147483647;
			files = (
			);
			runOnlyForDeploymentPostprocessing = 0;
		};
/* End PBXResourcesBuildPhase section */

/* Begin PBXSourcesBuildPhase section */
		35343A112B8BDE1A005DBAC3 /* Sources */ = {
			isa = PBXSourcesBuildPhase;
			buildActionMask = 2147483647;
			files = (
				35343A1D2B8BDE1A005DBAC3 /* ViewController.swift in Sources */,
				35343A192B8BDE1A005DBAC3 /* AppDelegate.swift in Sources */,
				35343A1B2B8BDE1A005DBAC3 /* SceneDelegate.swift in Sources */,
			);
			runOnlyForDeploymentPostprocessing = 0;
		};
		35343A272B8BDE1B005DBAC3 /* Sources */ = {
			isa = PBXSourcesBuildPhase;
			buildActionMask = 2147483647;
			files = (
				35343A302B8BDE1B005DBAC3 /* HW5_1Tests.swift in Sources */,
			);
			runOnlyForDeploymentPostprocessing = 0;
		};
		35343A312B8BDE1B005DBAC3 /* Sources */ = {
			isa = PBXSourcesBuildPhase;
			buildActionMask = 2147483647;
			files = (
				35343A3A2B8BDE1B005DBAC3 /* HW5_1UITests.swift in Sources */,
				35343A3C2B8BDE1B005DBAC3 /* HW5_1UITestsLaunchTests.swift in Sources */,
			);
			runOnlyForDeploymentPostprocessing = 0;
		};
/* End PBXSourcesBuildPhase section */

/* Begin PBXTargetDependency section */
		35343A2D2B8BDE1B005DBAC3 /* PBXTargetDependency */ = {
			isa = PBXTargetDependency;
			target = 35343A142B8BDE1A005DBAC3 /* HW5.1 */;
			targetProxy = 35343A2C2B8BDE1B005DBAC3 /* PBXContainerItemProxy */;
		};
		35343A372B8BDE1B005DBAC3 /* PBXTargetDependency */ = {
			isa = PBXTargetDependency;
			target = 35343A142B8BDE1A005DBAC3 /* HW5.1 */;
			targetProxy = 35343A362B8BDE1B005DBAC3 /* PBXContainerItemProxy */;
		};
/* End PBXTargetDependency section */

/* Begin PBXVariantGroup section */
		35343A1E2B8BDE1A005DBAC3 /* Main.storyboard */ = {
			isa = PBXVariantGroup;
			children = (
				35343A1F2B8BDE1A005DBAC3 /* Base */,
			);
			name = Main.storyboard;
			sourceTree = "<group>";
		};
		35343A232B8BDE1B005DBAC3 /* LaunchScreen.storyboard */ = {
			isa = PBXVariantGroup;
			children = (
				35343A242B8BDE1B005DBAC3 /* Base */,
			);
			name = LaunchScreen.storyboard;
			sourceTree = "<group>";
		};
/* End PBXVariantGroup section */

/* Begin XCBuildConfiguration section */
		35343A3D2B8BDE1B005DBAC3 /* Debug */ = {
			isa = XCBuildConfiguration;
			buildSettings = {
				ALWAYS_SEARCH_USER_PATHS = NO;
				ASSETCATALOG_COMPILER_GENERATE_SWIFT_ASSET_SYMBOL_EXTENSIONS = YES;
				CLANG_ANALYZER_NONNULL = YES;
				CLANG_ANALYZER_NUMBER_OBJECT_CONVERSION = YES_AGGRESSIVE;
				CLANG_CXX_LANGUAGE_STANDARD = "gnu++20";
				CLANG_ENABLE_MODULES = YES;
				CLANG_ENABLE_OBJC_ARC = YES;
				CLANG_ENABLE_OBJC_WEAK = YES;
				CLANG_WARN_BLOCK_CAPTURE_AUTORELEASING = YES;
				CLANG_WARN_BOOL_CONVERSION = YES;
				CLANG_WARN_COMMA = YES;
				CLANG_WARN_CONSTANT_CONVERSION = YES;
				CLANG_WARN_DEPRECATED_OBJC_IMPLEMENTATIONS = YES;
				CLANG_WARN_DIRECT_OBJC_ISA_USAGE = YES_ERROR;
				CLANG_WARN_DOCUMENTATION_COMMENTS = YES;
				CLANG_WARN_EMPTY_BODY = YES;
				CLANG_WARN_ENUM_CONVERSION = YES;
				CLANG_WARN_INFINITE_RECURSION = YES;
				CLANG_WARN_INT_CONVERSION = YES;
				CLANG_WARN_NON_LITERAL_NULL_CONVERSION = YES;
				CLANG_WARN_OBJC_IMPLICIT_RETAIN_SELF = YES;
				CLANG_WARN_OBJC_LITERAL_CONVERSION = YES;
				CLANG_WARN_OBJC_ROOT_CLASS = YES_ERROR;
				CLANG_WARN_QUOTED_INCLUDE_IN_FRAMEWORK_HEADER = YES;
				CLANG_WARN_RANGE_LOOP_ANALYSIS = YES;
				CLANG_WARN_STRICT_PROTOTYPES = YES;
				CLANG_WARN_SUSPICIOUS_MOVE = YES;
				CLANG_WARN_UNGUARDED_AVAILABILITY = YES_AGGRESSIVE;
				CLANG_WARN_UNREACHABLE_CODE = YES;
				CLANG_WARN__DUPLICATE_METHOD_MATCH = YES;
				COPY_PHASE_STRIP = NO;
				DEBUG_INFORMATION_FORMAT = dwarf;
				ENABLE_STRICT_OBJC_MSGSEND = YES;
				ENABLE_TESTABILITY = YES;
				ENABLE_USER_SCRIPT_SANDBOXING = YES;
				GCC_C_LANGUAGE_STANDARD = gnu17;
				GCC_DYNAMIC_NO_PIC = NO;
				GCC_NO_COMMON_BLOCKS = YES;
				GCC_OPTIMIZATION_LEVEL = 0;
				GCC_PREPROCESSOR_DEFINITIONS = (
					"DEBUG=1",
					"$(inherited)",
				);
				GCC_WARN_64_TO_32_BIT_CONVERSION = YES;
				GCC_WARN_ABOUT_RETURN_TYPE = YES_ERROR;
				GCC_WARN_UNDECLARED_SELECTOR = YES;
				GCC_WARN_UNINITIALIZED_AUTOS = YES_AGGRESSIVE;
				GCC_WARN_UNUSED_FUNCTION = YES;
				GCC_WARN_UNUSED_VARIABLE = YES;
				IPHONEOS_DEPLOYMENT_TARGET = 17.2;
				LOCALIZATION_PREFERS_STRING_CATALOGS = YES;
				MTL_ENABLE_DEBUG_INFO = INCLUDE_SOURCE;
				MTL_FAST_MATH = YES;
				ONLY_ACTIVE_ARCH = YES;
				SDKROOT = iphoneos;
				SWIFT_ACTIVE_COMPILATION_CONDITIONS = "DEBUG $(inherited)";
				SWIFT_OPTIMIZATION_LEVEL = "-Onone";
			};
			name = Debug;
		};
		35343A3E2B8BDE1B005DBAC3 /* Release */ = {
			isa = XCBuildConfiguration;
			buildSettings = {
				ALWAYS_SEARCH_USER_PATHS = NO;
				ASSETCATALOG_COMPILER_GENERATE_SWIFT_ASSET_SYMBOL_EXTENSIONS = YES;
				CLANG_ANALYZER_NONNULL = YES;
				CLANG_ANALYZER_NUMBER_OBJECT_CONVERSION = YES_AGGRESSIVE;
				CLANG_CXX_LANGUAGE_STANDARD = "gnu++20";
				CLANG_ENABLE_MODULES = YES;
				CLANG_ENABLE_OBJC_ARC = YES;
				CLANG_ENABLE_OBJC_WEAK = YES;
				CLANG_WARN_BLOCK_CAPTURE_AUTORELEASING = YES;
				CLANG_WARN_BOOL_CONVERSION = YES;
				CLANG_WARN_COMMA = YES;
				CLANG_WARN_CONSTANT_CONVERSION = YES;
				CLANG_WARN_DEPRECATED_OBJC_IMPLEMENTATIONS = YES;
				CLANG_WARN_DIRECT_OBJC_ISA_USAGE = YES_ERROR;
				CLANG_WARN_DOCUMENTATION_COMMENTS = YES;
				CLANG_WARN_EMPTY_BODY = YES;
				CLANG_WARN_ENUM_CONVERSION = YES;
				CLANG_WARN_INFINITE_RECURSION = YES;
				CLANG_WARN_INT_CONVERSION = YES;
				CLANG_WARN_NON_LITERAL_NULL_CONVERSION = YES;
				CLANG_WARN_OBJC_IMPLICIT_RETAIN_SELF = YES;
				CLANG_WARN_OBJC_LITERAL_CONVERSION = YES;
				CLANG_WARN_OBJC_ROOT_CLASS = YES_ERROR;
				CLANG_WARN_QUOTED_INCLUDE_IN_FRAMEWORK_HEADER = YES;
				CLANG_WARN_RANGE_LOOP_ANALYSIS = YES;
				CLANG_WARN_STRICT_PROTOTYPES = YES;
				CLANG_WARN_SUSPICIOUS_MOVE = YES;
				CLANG_WARN_UNGUARDED_AVAILABILITY = YES_AGGRESSIVE;
				CLANG_WARN_UNREACHABLE_CODE = YES;
				CLANG_WARN__DUPLICATE_METHOD_MATCH = YES;
				COPY_PHASE_STRIP = NO;
				DEBUG_INFORMATION_FORMAT = "dwarf-with-dsym";
				ENABLE_NS_ASSERTIONS = NO;
				ENABLE_STRICT_OBJC_MSGSEND = YES;
				ENABLE_USER_SCRIPT_SANDBOXING = YES;
				GCC_C_LANGUAGE_STANDARD = gnu17;
				GCC_NO_COMMON_BLOCKS = YES;
				GCC_WARN_64_TO_32_BIT_CONVERSION = YES;
				GCC_WARN_ABOUT_RETURN_TYPE = YES_ERROR;
				GCC_WARN_UNDECLARED_SELECTOR = YES;
				GCC_WARN_UNINITIALIZED_AUTOS = YES_AGGRESSIVE;
				GCC_WARN_UNUSED_FUNCTION = YES;
				GCC_WARN_UNUSED_VARIABLE = YES;
				IPHONEOS_DEPLOYMENT_TARGET = 17.2;
				LOCALIZATION_PREFERS_STRING_CATALOGS = YES;
				MTL_ENABLE_DEBUG_INFO = NO;
				MTL_FAST_MATH = YES;
				SDKROOT = iphoneos;
				SWIFT_COMPILATION_MODE = wholemodule;
				VALIDATE_PRODUCT = YES;
			};
			name = Release;
		};
		35343A402B8BDE1B005DBAC3 /* Debug */ = {
			isa = XCBuildConfiguration;
			buildSettings = {
				ASSETCATALOG_COMPILER_APPICON_NAME = AppIcon;
				ASSETCATALOG_COMPILER_GLOBAL_ACCENT_COLOR_NAME = AccentColor;
				CODE_SIGN_STYLE = Automatic;
				CURRENT_PROJECT_VERSION = 1;
				GENERATE_INFOPLIST_FILE = YES;
				INFOPLIST_FILE = HW5.1/Info.plist;
				INFOPLIST_KEY_UIApplicationSupportsIndirectInputEvents = YES;
				INFOPLIST_KEY_UILaunchStoryboardName = LaunchScreen;
				INFOPLIST_KEY_UIMainStoryboardFile = Main;
				INFOPLIST_KEY_UISupportedInterfaceOrientations_iPad = "UIInterfaceOrientationPortrait UIInterfaceOrientationPortraitUpsideDown UIInterfaceOrientationLandscapeLeft UIInterfaceOrientationLandscapeRight";
				INFOPLIST_KEY_UISupportedInterfaceOrientations_iPhone = "UIInterfaceOrientationPortrait UIInterfaceOrientationLandscapeLeft UIInterfaceOrientationLandscapeRight";
				LD_RUNPATH_SEARCH_PATHS = (
					"$(inherited)",
					"@executable_path/Frameworks",
				);
				MARKETING_VERSION = 1.0;
				PRODUCT_BUNDLE_IDENTIFIER = "com.margarita.HW5-1";
				PRODUCT_NAME = "$(TARGET_NAME)";
				SWIFT_EMIT_LOC_STRINGS = YES;
				SWIFT_VERSION = 5.0;
				TARGETED_DEVICE_FAMILY = "1,2";
			};
			name = Debug;
		};
		35343A412B8BDE1B005DBAC3 /* Release */ = {
			isa = XCBuildConfiguration;
			buildSettings = {
				ASSETCATALOG_COMPILER_APPICON_NAME = AppIcon;
				ASSETCATALOG_COMPILER_GLOBAL_ACCENT_COLOR_NAME = AccentColor;
				CODE_SIGN_STYLE = Automatic;
				CURRENT_PROJECT_VERSION = 1;
				GENERATE_INFOPLIST_FILE = YES;
				INFOPLIST_FILE = HW5.1/Info.plist;
				INFOPLIST_KEY_UIApplicationSupportsIndirectInputEvents = YES;
				INFOPLIST_KEY_UILaunchStoryboardName = LaunchScreen;
				INFOPLIST_KEY_UIMainStoryboardFile = Main;
				INFOPLIST_KEY_UISupportedInterfaceOrientations_iPad = "UIInterfaceOrientationPortrait UIInterfaceOrientationPortraitUpsideDown UIInterfaceOrientationLandscapeLeft UIInterfaceOrientationLandscapeRight";
				INFOPLIST_KEY_UISupportedInterfaceOrientations_iPhone = "UIInterfaceOrientationPortrait UIInterfaceOrientationLandscapeLeft UIInterfaceOrientationLandscapeRight";
				LD_RUNPATH_SEARCH_PATHS = (
					"$(inherited)",
					"@executable_path/Frameworks",
				);
				MARKETING_VERSION = 1.0;
				PRODUCT_BUNDLE_IDENTIFIER = "com.margarita.HW5-1";
				PRODUCT_NAME = "$(TARGET_NAME)";
				SWIFT_EMIT_LOC_STRINGS = YES;
				SWIFT_VERSION = 5.0;
				TARGETED_DEVICE_FAMILY = "1,2";
			};
			name = Release;
		};
		35343A432B8BDE1B005DBAC3 /* Debug */ = {
			isa = XCBuildConfiguration;
			buildSettings = {
				ALWAYS_EMBED_SWIFT_STANDARD_LIBRARIES = YES;
				BUNDLE_LOADER = "$(TEST_HOST)";
				CODE_SIGN_STYLE = Automatic;
				CURRENT_PROJECT_VERSION = 1;
				GENERATE_INFOPLIST_FILE = YES;
				IPHONEOS_DEPLOYMENT_TARGET = 17.2;
				MARKETING_VERSION = 1.0;
				PRODUCT_BUNDLE_IDENTIFIER = "com.margarita.HW5-1Tests";
				PRODUCT_NAME = "$(TARGET_NAME)";
				SWIFT_EMIT_LOC_STRINGS = NO;
				SWIFT_VERSION = 5.0;
				TARGETED_DEVICE_FAMILY = "1,2";
				TEST_HOST = "$(BUILT_PRODUCTS_DIR)/HW5.1.app/$(BUNDLE_EXECUTABLE_FOLDER_PATH)/HW5.1";
			};
			name = Debug;
		};
		35343A442B8BDE1B005DBAC3 /* Release */ = {
			isa = XCBuildConfiguration;
			buildSettings = {
				ALWAYS_EMBED_SWIFT_STANDARD_LIBRARIES = YES;
				BUNDLE_LOADER = "$(TEST_HOST)";
				CODE_SIGN_STYLE = Automatic;
				CURRENT_PROJECT_VERSION = 1;
				GENERATE_INFOPLIST_FILE = YES;
				IPHONEOS_DEPLOYMENT_TARGET = 17.2;
				MARKETING_VERSION = 1.0;
				PRODUCT_BUNDLE_IDENTIFIER = "com.margarita.HW5-1Tests";
				PRODUCT_NAME = "$(TARGET_NAME)";
				SWIFT_EMIT_LOC_STRINGS = NO;
				SWIFT_VERSION = 5.0;
				TARGETED_DEVICE_FAMILY = "1,2";
				TEST_HOST = "$(BUILT_PRODUCTS_DIR)/HW5.1.app/$(BUNDLE_EXECUTABLE_FOLDER_PATH)/HW5.1";
			};
			name = Release;
		};
		35343A462B8BDE1B005DBAC3 /* Debug */ = {
			isa = XCBuildConfiguration;
			buildSettings = {
				ALWAYS_EMBED_SWIFT_STANDARD_LIBRARIES = YES;
				CODE_SIGN_STYLE = Automatic;
				CURRENT_PROJECT_VERSION = 1;
				GENERATE_INFOPLIST_FILE = YES;
				MARKETING_VERSION = 1.0;
				PRODUCT_BUNDLE_IDENTIFIER = "com.margarita.HW5-1UITests";
				PRODUCT_NAME = "$(TARGET_NAME)";
				SWIFT_EMIT_LOC_STRINGS = NO;
				SWIFT_VERSION = 5.0;
				TARGETED_DEVICE_FAMILY = "1,2";
				TEST_TARGET_NAME = HW5.1;
			};
			name = Debug;
		};
		35343A472B8BDE1B005DBAC3 /* Release */ = {
			isa = XCBuildConfiguration;
			buildSettings = {
				ALWAYS_EMBED_SWIFT_STANDARD_LIBRARIES = YES;
				CODE_SIGN_STYLE = Automatic;
				CURRENT_PROJECT_VERSION = 1;
				GENERATE_INFOPLIST_FILE = YES;
				MARKETING_VERSION = 1.0;
				PRODUCT_BUNDLE_IDENTIFIER = "com.margarita.HW5-1UITests";
				PRODUCT_NAME = "$(TARGET_NAME)";
				SWIFT_EMIT_LOC_STRINGS = NO;
				SWIFT_VERSION = 5.0;
				TARGETED_DEVICE_FAMILY = "1,2";
				TEST_TARGET_NAME = HW5.1;
			};
			name = Release;
		};
/* End XCBuildConfiguration section */

/* Begin XCConfigurationList section */
		35343A102B8BDE1A005DBAC3 /* Build configuration list for PBXProject "HW5.1" */ = {
			isa = XCConfigurationList;
			buildConfigurations = (
				35343A3D2B8BDE1B005DBAC3 /* Debug */,
				35343A3E2B8BDE1B005DBAC3 /* Release */,
			);
			defaultConfigurationIsVisible = 0;
			defaultConfigurationName = Release;
		};
		35343A3F2B8BDE1B005DBAC3 /* Build configuration list for PBXNativeTarget "HW5.1" */ = {
			isa = XCConfigurationList;
			buildConfigurations = (
				35343A402B8BDE1B005DBAC3 /* Debug */,
				35343A412B8BDE1B005DBAC3 /* Release */,
			);
			defaultConfigurationIsVisible = 0;
			defaultConfigurationName = Release;
		};
		35343A422B8BDE1B005DBAC3 /* Build configuration list for PBXNativeTarget "HW5.1Tests" */ = {
			isa = XCConfigurationList;
			buildConfigurations = (
				35343A432B8BDE1B005DBAC3 /* Debug */,
				35343A442B8BDE1B005DBAC3 /* Release */,
			);
			defaultConfigurationIsVisible = 0;
			defaultConfigurationName = Release;
		};
		35343A452B8BDE1B005DBAC3 /* Build configuration list for PBXNativeTarget "HW5.1UITests" */ = {
			isa = XCConfigurationList;
			buildConfigurations = (
				35343A462B8BDE1B005DBAC3 /* Debug */,
				35343A472B8BDE1B005DBAC3 /* Release */,
			);
			defaultConfigurationIsVisible = 0;
			defaultConfigurationName = Release;
		};
/* End XCConfigurationList section */
	};
	rootObject = 35343A0D2B8BDE1A005DBAC3 /* Project object */;
}
